<?xml version="1.0" encoding="utf-8"?>
<Project ToolsVersion="4.0" xmlns="http://schemas.microsoft.com/developer/msbuild/2003">
  <ItemGroup>
    <Filter Include="Source Files">
      <UniqueIdentifier>{4FC737F1-C7A5-4376-A066-2A32D752A2FF}</UniqueIdentifier>
      <Extensions>cpp;c;cxx;cc;s;asm</Extensions>
    </Filter>
    <Filter Include="Header Files">
      <UniqueIdentifier>{93995380-89BD-4b04-88EB-625FBE52EBFB}</UniqueIdentifier>
      <Extensions>h;hpp</Extensions>
    </Filter>
  </ItemGroup>
  <ItemGroup>
    <ClCompile Include="c_console.cpp">
      <Filter>Source Files</Filter>
    </ClCompile>
    <ClCompile Include="console.cpp">
      <Filter>Source Files</Filter>
    </ClCompile>
    <ClCompile Include="file_info.cpp">
      <Filter>Source Files</Filter>
    </ClCompile>
    <ClCompile Include="logger.cpp">
      <Filter>Source Files</Filter>
    </ClCompile>
    <ClCompile Include="lv2.c">
      <Filter>Source Files</Filter>
    </ClCompile>
    <ClCompile Include="ps4_directory.cpp">
      <Filter>Source Files</Filter>
    </ClCompile>
    <ClCompile Include="ps4_elf_loader.cpp">
      <Filter>Source Files</Filter>
    </ClCompile>
    <ClCompile Include="ps4_file.cpp">
      <Filter>Source Files</Filter>
    </ClCompile>
    <ClCompile Include="ps4_forms.cpp">
      <Filter>Source Files</Filter>
    </ClCompile>
    <ClCompile Include="ps4_network.cpp">
      <Filter>Source Files</Filter>
    </ClCompile>
    <ClCompile Include="ps4_process.cpp">
      <Filter>Source Files</Filter>
    </ClCompile>
    <ClCompile Include="swiss_knife.cpp">
      <Filter>Source Files</Filter>
    </ClCompile>
    <ClCompile Include="syscall.cpp">
      <Filter>Source Files</Filter>
    </ClCompile>
    <ClCompile Include="syscalls.cpp">
      <Filter>Source Files</Filter>
    </ClCompile>
    <ClCompile Include="unjail.c">
      <Filter>Source Files</Filter>
    </ClCompile>
  </ItemGroup>
  <ItemGroup>
    <ClInclude Include="c_console.h">
      <Filter>Header Files</Filter>
    </ClInclude>
    <ClInclude Include="console.h">
      <Filter>Header Files</Filter>
    </ClInclude>
    <ClInclude Include="defines.h">
      <Filter>Header Files</Filter>
    </ClInclude>
    <ClInclude Include="elf.h">
      <Filter>Header Files</Filter>
    </ClInclude>
    <ClInclude Include="elf_common.h">
      <Filter>Header Files</Filter>
    </ClInclude>
    <ClInclude Include="file_info.h">
      <Filter>Header Files</Filter>
    </ClInclude>
    <ClInclude Include="fw.h">
      <Filter>Header Files</Filter>
    </ClInclude>
    <ClInclude Include="ime_dialog_outer.h">
      <Filter>Header Files</Filter>
    </ClInclude>
    <ClInclude Include="ime_keyboard.h">
      <Filter>Header Files</Filter>
    </ClInclude>
    <ClInclude Include="logger.h">
      <Filter>Header Files</Filter>
    </ClInclude>
    <ClInclude Include="lv2.h">
      <Filter>Header Files</Filter>
    </ClInclude>
    <ClInclude Include="magics.h">
      <Filter>Header Files</Filter>
    </ClInclude>
    <ClInclude Include="msg_dialog_outer.h">
      <Filter>Header Files</Filter>
    </ClInclude>
    <ClInclude Include="ps4_directory.h">
      <Filter>Header Files</Filter>
    </ClInclude>
    <ClInclude Include="ps4_elf_loader.h">
      <Filter>Header Files</Filter>
    </ClInclude>
    <ClInclude Include="ps4_file.h">
      <Filter>Header Files</Filter>
    </ClInclude>
    <ClInclude Include="ps4_forms.h">
      <Filter>Header Files</Filter>
    </ClInclude>
    <ClInclude Include="ps4_network.h">
      <Filter>Header Files</Filter>
    </ClInclude>
    <ClInclude Include="ps4_process.h">
      <Filter>Header Files</Filter>
    </ClInclude>
    <ClInclude Include="swiss_knife.h">
      <Filter>Header Files</Filter>
    </ClInclude>
    <ClInclude Include="syscall.h">
      <Filter>Header Files</Filter>
    </ClInclude>
    <ClInclude Include="syscalls.h">
      <Filter>Header Files</Filter>
    </ClInclude>
    <ClInclude Include="unjail.h">
      <Filter>Header Files</Filter>
    </ClInclude>
  </ItemGroup>
</Project>